
Microsoft Visual Studio Solution File, Format Version 12.00
# Visual Studio 2013
VisualStudioVersion = 12.0.31101.0
MinimumVisualStudioVersion = 10.0.40219.1
Project("{FAE04EC0-301F-11D3-BF4B-00C04F79EFBC}") = "CommonTypeExercise", "CommonTypeExercise\CommonTypeExercise.csproj", "{D74413E7-4E23-48A9-A5D6-F262D03DC703}"
EndProject
Global
	GlobalSection(SolutionConfigurationPlatforms) = preSolution
		Debug|Any CPU = Debug|Any CPU
		Release|Any CPU = Release|Any CPU
	EndGlobalSection
	GlobalSection(ProjectConfigurationPlatforms) = postSolution
		{D74413E7-4E23-48A9-A5D6-F262D03DC703}.Debug|Any CPU.ActiveCfg = Debug|Any CPU
		{D74413E7-4E23-48A9-A5D6-F262D03DC703}.Debug|Any CPU.Build.0 = Debug|Any CPU
		{D74413E7-4E23-48A9-A5D6-F262D03DC703}.Release|Any CPU.ActiveCfg = Release|Any CPU
		{D74413E7-4E23-48A9-A5D6-F262D03DC703}.Release|Any CPU.Build.0 = Release|Any CPU
	EndGlobalSection
	GlobalSection(SolutionProperties) = preSolution
		HideSolutionNode = FALSE
	EndGlobalSection
EndGlobal
