
Microsoft Visual Studio Solution File, Format Version 12.00
# Visual Studio 2013
VisualStudioVersion = 12.0.21005.1
MinimumVisualStudioVersion = 10.0.40219.1
Project("{FAE04EC0-301F-11D3-BF4B-00C04F79EFBC}") = "HumanStudentAndWorker", "HumanStudentAndWorker\HumanStudentAndWorker.csproj", "{E8506065-91F2-4A06-BC00-4DF0870ACD83}"
EndProject
Project("{FAE04EC0-301F-11D3-BF4B-00C04F79EFBC}") = "Animals", "Animals\Animals.csproj", "{531E6ECC-6AA6-41EB-ABCB-5FBD9A878F33}"
EndProject
Global
	GlobalSection(SolutionConfigurationPlatforms) = preSolution
		Debug|Any CPU = Debug|Any CPU
		Release|Any CPU = Release|Any CPU
	EndGlobalSection
	GlobalSection(ProjectConfigurationPlatforms) = postSolution
		{E8506065-91F2-4A06-BC00-4DF0870ACD83}.Debug|Any CPU.ActiveCfg = Debug|Any CPU
		{E8506065-91F2-4A06-BC00-4DF0870ACD83}.Debug|Any CPU.Build.0 = Debug|Any CPU
		{E8506065-91F2-4A06-BC00-4DF0870ACD83}.Release|Any CPU.ActiveCfg = Release|Any CPU
		{E8506065-91F2-4A06-BC00-4DF0870ACD83}.Release|Any CPU.Build.0 = Release|Any CPU
		{531E6ECC-6AA6-41EB-ABCB-5FBD9A878F33}.Debug|Any CPU.ActiveCfg = Debug|Any CPU
		{531E6ECC-6AA6-41EB-ABCB-5FBD9A878F33}.Debug|Any CPU.Build.0 = Debug|Any CPU
		{531E6ECC-6AA6-41EB-ABCB-5FBD9A878F33}.Release|Any CPU.ActiveCfg = Release|Any CPU
		{531E6ECC-6AA6-41EB-ABCB-5FBD9A878F33}.Release|Any CPU.Build.0 = Release|Any CPU
	EndGlobalSection
	GlobalSection(SolutionProperties) = preSolution
		HideSolutionNode = FALSE
	EndGlobalSection
EndGlobal
