
Microsoft Visual Studio Solution File, Format Version 12.00
# Visual Studio 2013
VisualStudioVersion = 12.0.21005.1
MinimumVisualStudioVersion = 10.0.40219.1
Project("{FAE04EC0-301F-11D3-BF4B-00C04F79EFBC}") = "Problem 1. Human,Student and Worker", "Problem 1. Human,Student and Worker\Problem 1. Human,Student and Worker.csproj", "{CF3E3D4F-E485-4C53-A076-B7C9D2E94861}"
EndProject
Project("{FAE04EC0-301F-11D3-BF4B-00C04F79EFBC}") = "Problem 2. Animals", "Problem 2. Animals\Problem 2. Animals.csproj", "{4768EADA-0490-4DA4-B02F-EBA15B8F6836}"
EndProject
Project("{FAE04EC0-301F-11D3-BF4B-00C04F79EFBC}") = "Problem 3. Company Hierarchy", "Problem 3. Company Hierarchy\Problem 3. Company Hierarchy.csproj", "{CB7B305B-D5D0-44E5-81A5-D9FF10EBA752}"
EndProject
Global
	GlobalSection(SolutionConfigurationPlatforms) = preSolution
		Debug|Any CPU = Debug|Any CPU
		Release|Any CPU = Release|Any CPU
	EndGlobalSection
	GlobalSection(ProjectConfigurationPlatforms) = postSolution
		{CF3E3D4F-E485-4C53-A076-B7C9D2E94861}.Debug|Any CPU.ActiveCfg = Debug|Any CPU
		{CF3E3D4F-E485-4C53-A076-B7C9D2E94861}.Debug|Any CPU.Build.0 = Debug|Any CPU
		{CF3E3D4F-E485-4C53-A076-B7C9D2E94861}.Release|Any CPU.ActiveCfg = Release|Any CPU
		{CF3E3D4F-E485-4C53-A076-B7C9D2E94861}.Release|Any CPU.Build.0 = Release|Any CPU
		{4768EADA-0490-4DA4-B02F-EBA15B8F6836}.Debug|Any CPU.ActiveCfg = Debug|Any CPU
		{4768EADA-0490-4DA4-B02F-EBA15B8F6836}.Debug|Any CPU.Build.0 = Debug|Any CPU
		{4768EADA-0490-4DA4-B02F-EBA15B8F6836}.Release|Any CPU.ActiveCfg = Release|Any CPU
		{4768EADA-0490-4DA4-B02F-EBA15B8F6836}.Release|Any CPU.Build.0 = Release|Any CPU
		{CB7B305B-D5D0-44E5-81A5-D9FF10EBA752}.Debug|Any CPU.ActiveCfg = Debug|Any CPU
		{CB7B305B-D5D0-44E5-81A5-D9FF10EBA752}.Debug|Any CPU.Build.0 = Debug|Any CPU
		{CB7B305B-D5D0-44E5-81A5-D9FF10EBA752}.Release|Any CPU.ActiveCfg = Release|Any CPU
		{CB7B305B-D5D0-44E5-81A5-D9FF10EBA752}.Release|Any CPU.Build.0 = Release|Any CPU
	EndGlobalSection
	GlobalSection(SolutionProperties) = preSolution
		HideSolutionNode = FALSE
	EndGlobalSection
EndGlobal
