
Microsoft Visual Studio Solution File, Format Version 12.00
# Visual Studio 2013
VisualStudioVersion = 12.0.21005.1
MinimumVisualStudioVersion = 10.0.40219.1
Project("{FAE04EC0-301F-11D3-BF4B-00C04F79EFBC}") = "P01-Human-Student-and-Worker", "P01-Human-Student-and-Worker\P01-Human-Student-and-Worker.csproj", "{C3C34889-458D-4090-A4EA-C51FC7FB4442}"
EndProject
Project("{FAE04EC0-301F-11D3-BF4B-00C04F79EFBC}") = "P02-Animals", "P02-Animals\P02-Animals.csproj", "{BCE798DA-D96F-4A02-9AF3-CCBB469D8513}"
EndProject
Project("{FAE04EC0-301F-11D3-BF4B-00C04F79EFBC}") = "P03-Company-Hierarchy", "P03-Company-Hierarchy\P03-Company-Hierarchy.csproj", "{4DA309FF-22AB-40B6-8BE6-5F6E77A7C54E}"
EndProject
Global
	GlobalSection(SolutionConfigurationPlatforms) = preSolution
		Debug|Any CPU = Debug|Any CPU
		Release|Any CPU = Release|Any CPU
	EndGlobalSection
	GlobalSection(ProjectConfigurationPlatforms) = postSolution
		{C3C34889-458D-4090-A4EA-C51FC7FB4442}.Debug|Any CPU.ActiveCfg = Debug|Any CPU
		{C3C34889-458D-4090-A4EA-C51FC7FB4442}.Debug|Any CPU.Build.0 = Debug|Any CPU
		{C3C34889-458D-4090-A4EA-C51FC7FB4442}.Release|Any CPU.ActiveCfg = Release|Any CPU
		{C3C34889-458D-4090-A4EA-C51FC7FB4442}.Release|Any CPU.Build.0 = Release|Any CPU
		{BCE798DA-D96F-4A02-9AF3-CCBB469D8513}.Debug|Any CPU.ActiveCfg = Debug|Any CPU
		{BCE798DA-D96F-4A02-9AF3-CCBB469D8513}.Debug|Any CPU.Build.0 = Debug|Any CPU
		{BCE798DA-D96F-4A02-9AF3-CCBB469D8513}.Release|Any CPU.ActiveCfg = Release|Any CPU
		{BCE798DA-D96F-4A02-9AF3-CCBB469D8513}.Release|Any CPU.Build.0 = Release|Any CPU
		{4DA309FF-22AB-40B6-8BE6-5F6E77A7C54E}.Debug|Any CPU.ActiveCfg = Debug|Any CPU
		{4DA309FF-22AB-40B6-8BE6-5F6E77A7C54E}.Debug|Any CPU.Build.0 = Debug|Any CPU
		{4DA309FF-22AB-40B6-8BE6-5F6E77A7C54E}.Release|Any CPU.ActiveCfg = Release|Any CPU
		{4DA309FF-22AB-40B6-8BE6-5F6E77A7C54E}.Release|Any CPU.Build.0 = Release|Any CPU
	EndGlobalSection
	GlobalSection(SolutionProperties) = preSolution
		HideSolutionNode = FALSE
	EndGlobalSection
EndGlobal
